
Microsoft Visual Studio Solution File, Format Version 12.00
Project("{FAE04EC0-301F-11D3-BF4B-00C04F79EFBC}") = "DF", "DF\DF.csproj", "{6DFEBC9E-97C9-4164-A919-044C3ED42766}"
EndProject
Global
	GlobalSection(SolutionConfigurationPlatforms) = preSolution
		Debug|Any CPU = Debug|Any CPU
		Release|Any CPU = Release|Any CPU
	EndGlobalSection
	GlobalSection(ProjectConfigurationPlatforms) = postSolution
		{6DFEBC9E-97C9-4164-A919-044C3ED42766}.Debug|Any CPU.ActiveCfg = Debug|Any CPU
		{6DFEBC9E-97C9-4164-A919-044C3ED42766}.Debug|Any CPU.Build.0 = Debug|Any CPU
		{6DFEBC9E-97C9-4164-A919-044C3ED42766}.Release|Any CPU.ActiveCfg = Release|Any CPU
		{6DFEBC9E-97C9-4164-A919-044C3ED42766}.Release|Any CPU.Build.0 = Release|Any CPU
	EndGlobalSection
EndGlobal
